# 评测集的实例锁。改了实例定义（注入参数/负载/判据）就必须 bump
# 场景里的 revision，否则 harness_lint 报错 —— 否则以后没人分得清
# 哪批结果对应哪个版本。改完跑 python3 .dev/relock.py 更新本文件。
connection_exhaustion_eval_v1:
  fingerprint: 74e7d07e4bf5097e
  revision: 1
connection_exhaustion_train_v1:
  fingerprint: 6d1ae79d99cf4ecc
  revision: 2
lock_contention_eval_v1:
  fingerprint: 98d5b7145aa84c93
  revision: 3
lock_contention_train_v1:
  fingerprint: 6215174207d1f0ca
  revision: 3
misleading_idle_txn_eval_v1:
  fingerprint: af88d51ef16f2484
  revision: 1
misleading_idle_txn_train_v1:
  fingerprint: cd7c2f41b33ed8d4
  revision: 2
missing_index_eval_v1:
  fingerprint: 64df146182807bc9
  revision: 7
missing_index_orders_user_status_v1:
  fingerprint: 56702bb837eab6ee
  revision: 3
stale_statistics_eval_v1:
  fingerprint: faa4f16264008c0e
  revision: 3
stale_statistics_train_v1:
  fingerprint: 8a9a33f39d53d011
  revision: 3
