# 评测集的实例锁。改了实例定义（注入参数/负载/判据）就必须 bump
# 场景里的 revision，否则 harness_lint 报错 —— 否则以后没人分得清
# 哪批结果对应哪个版本。改完跑 python3 .dev/relock.py 更新本文件。
connection_exhaustion_eval_v1:
  fingerprint: 1b141df9e76c06df
  revision: 2
connection_exhaustion_train_v1:
  fingerprint: 2eb8ee7d665157f8
  revision: 3
lock_contention_eval_v1:
  fingerprint: cffcd37d1f084c82
  revision: 4
lock_contention_train_v1:
  fingerprint: 2f307130504fe19a
  revision: 4
misleading_idle_txn_eval_v1:
  fingerprint: c5b5af623299447e
  revision: 2
misleading_idle_txn_train_v1:
  fingerprint: 333d43cef189add0
  revision: 3
missing_index_eval_v1:
  fingerprint: 64df146182807bc9
  revision: 7
missing_index_orders_user_status_v1:
  fingerprint: 56702bb837eab6ee
  revision: 3
stale_statistics_eval_v1:
  fingerprint: 5a7dac6b62618429
  revision: 4
stale_statistics_train_v1:
  fingerprint: 95bee8b07acbb1b5
  revision: 4
